PODS:
  - Bolts (1.1.5):
    - Bolts/AppLinks (= 1.1.5)
    - Bolts/Tasks (= 1.1.5)
  - Bolts/AppLinks (1.1.5):
    - Bolts/Tasks
  - Bolts/Tasks (1.1.5)
  - FBSDKCoreKit (4.1.0):
    - Bolts (~> 1.1)
    - FBSDKCoreKit/arc (= 4.1.0)
    - FBSDKCoreKit/no-arc (= 4.1.0)
  - FBSDKCoreKit/arc (4.1.0):
    - Bolts (~> 1.1)
  - FBSDKCoreKit/no-arc (4.1.0):
    - Bolts (~> 1.1)
    - FBSDKCoreKit/arc
  - FBSDKLoginKit (4.1.0):
    - FBSDKCoreKit
  - FBSDKShareKit (4.1.0):
    - FBSDKCoreKit
  - JWTDecode (0.2.1)

DEPENDENCIES:
  - FBSDKCoreKit (from `https://raw.githubusercontent.com/facebook/facebook-ios-sdk/dev/FBSDKCoreKit.podspec`)
  - FBSDKLoginKit (from `https://raw.githubusercontent.com/facebook/facebook-ios-sdk/dev/FBSDKLoginKit.podspec`)
  - FBSDKShareKit (from `https://raw.githubusercontent.com/facebook/facebook-ios-sdk/dev/FBSDKShareKit.podspec`)
  - JWTDecode

EXTERNAL SOURCES:
  FBSDKCoreKit:
    :branch: dev
    :podspec: https://raw.githubusercontent.com/facebook/facebook-ios-sdk/dev/FBSDKCoreKit.podspec
  FBSDKLoginKit:
    :branch: dev
    :podspec: https://raw.githubusercontent.com/facebook/facebook-ios-sdk/dev/FBSDKLoginKit.podspec
  FBSDKShareKit:
    :branch: dev
    :podspec: https://raw.githubusercontent.com/facebook/facebook-ios-sdk/dev/FBSDKShareKit.podspec

SPEC CHECKSUMS:
  Bolts: aac24961496d504aa56fc267cde95162a71bac39
  FBSDKCoreKit: 469ed167195f860dbd2b4c4bbaa33d2e90598db9
  FBSDKLoginKit: ff6224762732e3698f30942e4544321b8c7a23e6
  FBSDKShareKit: 8002faf0c564ff3625eadd16e506b0b0fbf3adef
  JWTDecode: bff190dc06ff9ee7a3a244c454dc8ef05962c994

COCOAPODS: 0.37.0
