// !$*UTF8*$!
{
	archiveVersion = 1;
	classes = {
	};
	objectVersion = 46;
	objects = {

/* Begin PBXBuildFile section */
		9D0C16841B4DC6EB0088DE2F /* BranchProfileViewController.swift in Sources */ = {isa = PBXBuildFile; fileRef = 9D0C16831B4DC6EB0088DE2F /* BranchProfileViewController.swift */; };
		9D0DB4711B17D2DB0009FE6C /* NearbyMapViewController.swift in Sources */ = {isa = PBXBuildFile; fileRef = 9D0DB4701B17D2DB0009FE6C /* NearbyMapViewController.swift */; };
		9D0DB4731B17DE5A0009FE6C /* MapKit.framework in Frameworks */ = {isa = PBXBuildFile; fileRef = 9D0DB4721B17DE5A0009FE6C /* MapKit.framework */; };
		9D1021371B82A019005BED0C /* BranchProfileLastCampaign.xib in Resources */ = {isa = PBXBuildFile; fileRef = 9D1021361B82A019005BED0C /* BranchProfileLastCampaign.xib */; };
		9D1FCED71B79295700F42F6D /* SegmentedControl.swift in Sources */ = {isa = PBXBuildFile; fileRef = 9D1FCED61B79295700F42F6D /* SegmentedControl.swift */; };
		9D2BDFE41B9DF524003F1260 /* SearchController.swift in Sources */ = {isa = PBXBuildFile; fileRef = A0FE26D01B9A4D12004EB402 /* SearchController.swift */; };
		9D33260F1AF7ED1C00498801 /* AppDelegate.swift in Sources */ = {isa = PBXBuildFile; fileRef = 9D33260E1AF7ED1C00498801 /* AppDelegate.swift */; };
		9D3326111AF7ED1C00498801 /* LoginViewController.swift in Sources */ = {isa = PBXBuildFile; fileRef = 9D3326101AF7ED1C00498801 /* LoginViewController.swift */; };
		9D3326191AF7ED1C00498801 /* LaunchScreen.xib in Resources */ = {isa = PBXBuildFile; fileRef = 9D3326171AF7ED1C00498801 /* LaunchScreen.xib */; };
		9D3326251AF7ED1C00498801 /* dopTests.swift in Sources */ = {isa = PBXBuildFile; fileRef = 9D3326241AF7ED1C00498801 /* dopTests.swift */; };
		9D4C04811B18EB0200D5DCEE /* FontAwesome.ttf in Resources */ = {isa = PBXBuildFile; fileRef = 9D4C04801B18EAF600D5DCEE /* FontAwesome.ttf */; };
		9D4D298C1B9F50A100CE58A9 /* Montserrat-Light.otf in Resources */ = {isa = PBXBuildFile; fileRef = 9D4D298A1B9F50A100CE58A9 /* Montserrat-Light.otf */; };
		9D4D298D1B9F50A100CE58A9 /* Montserrat-UltraLight.otf in Resources */ = {isa = PBXBuildFile; fileRef = 9D4D298B1B9F50A100CE58A9 /* Montserrat-UltraLight.otf */; };
		9D5DA89B1B9E55DB00954B30 /* Montserrat-Bold.otf in Resources */ = {isa = PBXBuildFile; fileRef = 9D5DA8991B9E55DB00954B30 /* Montserrat-Bold.otf */; };
		9D5DA89C1B9E55DB00954B30 /* Montserrat-Regular.otf in Resources */ = {isa = PBXBuildFile; fileRef = 9D5DA89A1B9E55DB00954B30 /* Montserrat-Regular.otf */; };
		9D697C7A1B5EF13000D786AA /* iconfonts-fontawesome.swift in Sources */ = {isa = PBXBuildFile; fileRef = 9D697C791B5EF13000D786AA /* iconfonts-fontawesome.swift */; };
		9D9C1B2B1B83B0D900F7895B /* FBSDKShareKit.framework in Frameworks */ = {isa = PBXBuildFile; fileRef = 9D9C1B2A1B83B0D900F7895B /* FBSDKShareKit.framework */; };
		9D9C1B2D1B83B3DB00F7895B /* FBSDKCoreKit.framework in Frameworks */ = {isa = PBXBuildFile; fileRef = 9D9C1B2C1B83B3DB00F7895B /* FBSDKCoreKit.framework */; };
		9D9D1FF11B9F4BE3000C1299 /* starbucks_banner.jpg in Resources */ = {isa = PBXBuildFile; fileRef = A060F77D1B700355009D6ADB /* starbucks_banner.jpg */; };
		9DA3C8961B90C117000D40F2 /* Images.xcassets in Resources */ = {isa = PBXBuildFile; fileRef = 9DA3C8951B90C117000D40F2 /* Images.xcassets */; };
		9DA7AA9F1B50309400297690 /* BranchProfileController.swift in Sources */ = {isa = PBXBuildFile; fileRef = 9DA7AA9E1B50309400297690 /* BranchProfileController.swift */; };
		9DA85CFD1B82587E009DA186 /* BranchProfileLastCampaign.swift in Sources */ = {isa = PBXBuildFile; fileRef = 9DA85CFC1B82587E009DA186 /* BranchProfileLastCampaign.swift */; };
		9DAAE7B71B0E810B00209588 /* Main.storyboard in Resources */ = {isa = PBXBuildFile; fileRef = 9DAAE7B51B0E810B00209588 /* Main.storyboard */; };
		9DACBBF91BA8CE0200CAEECB /* FilterSegmentedControl.swift in Sources */ = {isa = PBXBuildFile; fileRef = 9DACBBF81BA8CE0200CAEECB /* FilterSegmentedControl.swift */; };
		9DB327CC1B863C77006BF882 /* MoreMenuController.swift in Sources */ = {isa = PBXBuildFile; fileRef = 9DB327CB1B863C77006BF882 /* MoreMenuController.swift */; };
		9DB327CE1B863C84006BF882 /* MoreMenuViewController.swift in Sources */ = {isa = PBXBuildFile; fileRef = 9DB327CD1B863C84006BF882 /* MoreMenuViewController.swift */; };
		9DB3DABB1B73C28A004AC0F1 /* BranchProfileTopView.swift in Sources */ = {isa = PBXBuildFile; fileRef = 9DB3DABA1B73C28A004AC0F1 /* BranchProfileTopView.swift */; };
		9DB3DABD1B73ED96004AC0F1 /* BranchProfileAboutView.xib in Resources */ = {isa = PBXBuildFile; fileRef = 9DB3DABC1B73ED96004AC0F1 /* BranchProfileAboutView.xib */; };
		9DB3DABF1B740070004AC0F1 /* BranchProfileAboutView.swift in Sources */ = {isa = PBXBuildFile; fileRef = 9DB3DABE1B740070004AC0F1 /* BranchProfileAboutView.swift */; };
		9DB6121A1B192FCC004B8DB8 /* NearbyMapController.swift in Sources */ = {isa = PBXBuildFile; fileRef = 9DB612191B192FCC004B8DB8 /* NearbyMapController.swift */; };
		9DB6BB2A1B72A6A000FF2659 /* BranchProfileTopView.xib in Resources */ = {isa = PBXBuildFile; fileRef = 9DB6BB291B72A6A000FF2659 /* BranchProfileTopView.xib */; };
		9DB907DE1B8E25A000A40FE0 /* FilterSideViewController.swift in Sources */ = {isa = PBXBuildFile; fileRef = 9DB907DD1B8E25A000A40FE0 /* FilterSideViewController.swift */; };
		9DBB7A401B968437005700B9 /* UIImage+ImageEffects.h in Sources */ = {isa = PBXBuildFile; fileRef = A060F7871B717DB9009D6ADB /* UIImage+ImageEffects.h */; };
		9DC9218A1B9F8D4900241FFD /* UIScrollView+InfiniteScroll.h in Sources */ = {isa = PBXBuildFile; fileRef = 9DC921881B9F8D4900241FFD /* UIScrollView+InfiniteScroll.h */; };
		9DC9218B1B9F8D4900241FFD /* UIScrollView+InfiniteScroll.m in Sources */ = {isa = PBXBuildFile; fileRef = 9DC921891B9F8D4900241FFD /* UIScrollView+InfiniteScroll.m */; };
		A04860961B0D5355009FEF1F /* A0JWTDecoder.m in Sources */ = {isa = PBXBuildFile; fileRef = A04860951B0D5355009FEF1F /* A0JWTDecoder.m */; };
		A04860981B0D5658009FEF1F /* FacebookSDK.framework in Frameworks */ = {isa = PBXBuildFile; fileRef = A04860971B0D5658009FEF1F /* FacebookSDK.framework */; settings = {ATTRIBUTES = (Required, ); }; };
		A04E388A1AFC3549007C7B69 /* starbucks.gif in Resources */ = {isa = PBXBuildFile; fileRef = A04E38891AFC3549007C7B69 /* starbucks.gif */; };
		A0578C521B0D64AD0033B5BD /* Fabric.framework in Frameworks */ = {isa = PBXBuildFile; fileRef = A0578C4E1B0D64AD0033B5BD /* Fabric.framework */; };
		A0578C551B0D64AD0033B5BD /* TwitterCore.framework in Frameworks */ = {isa = PBXBuildFile; fileRef = A0578C511B0D64AD0033B5BD /* TwitterCore.framework */; };
		A0578C5F1B0E40D30033B5BD /* GoogleOpenSource.framework in Frameworks */ = {isa = PBXBuildFile; fileRef = A0578C5C1B0E40D30033B5BD /* GoogleOpenSource.framework */; };
		A0578C601B0E40D30033B5BD /* GooglePlus.bundle in Resources */ = {isa = PBXBuildFile; fileRef = A0578C5D1B0E40D30033B5BD /* GooglePlus.bundle */; };
		A0578C611B0E40D30033B5BD /* GooglePlus.framework in Frameworks */ = {isa = PBXBuildFile; fileRef = A0578C5E1B0E40D30033B5BD /* GooglePlus.framework */; };
		A0578C641B0E7D2B0033B5BD /* UserProfileController.swift in Sources */ = {isa = PBXBuildFile; fileRef = A0578C621B0E7D2B0033B5BD /* UserProfileController.swift */; };
		A0578C651B0E7D2B0033B5BD /* UserProfileViewController.swift in Sources */ = {isa = PBXBuildFile; fileRef = A0578C631B0E7D2B0033B5BD /* UserProfileViewController.swift */; };
		A05F782D1B5039FB00371708 /* TwitterKit.framework in Frameworks */ = {isa = PBXBuildFile; fileRef = A05F782C1B5039FB00371708 /* TwitterKit.framework */; };
		A05F782F1B503A4E00371708 /* Social.framework in Frameworks */ = {isa = PBXBuildFile; fileRef = A05F782E1B503A4E00371708 /* Social.framework */; };
		A05F78311B505DED00371708 /* Accounts.framework in Frameworks */ = {isa = PBXBuildFile; fileRef = A05F78301B505DED00371708 /* Accounts.framework */; };
		A060F77A1B6C4CA3009D6ADB /* TabbarController.swift in Sources */ = {isa = PBXBuildFile; fileRef = A060F7791B6C4CA3009D6ADB /* TabbarController.swift */; };
		A060F77C1B6FE4BA009D6ADB /* PromoViewController.swift in Sources */ = {isa = PBXBuildFile; fileRef = A060F77B1B6FE4BA009D6ADB /* PromoViewController.swift */; };
		A060F7821B70184F009D6ADB /* PromoCollectionCell.swift in Sources */ = {isa = PBXBuildFile; fileRef = A060F7811B70184F009D6ADB /* PromoCollectionCell.swift */; };
		A060F7841B701EFE009D6ADB /* heart.png in Resources */ = {isa = PBXBuildFile; fileRef = A060F7831B701EFE009D6ADB /* heart.png */; };
		A060F7861B702FAC009D6ADB /* CouponDetailViewController.swift in Sources */ = {isa = PBXBuildFile; fileRef = A060F7851B702FAC009D6ADB /* CouponDetailViewController.swift */; };
		A060F7891B717DB9009D6ADB /* UIImage+ImageEffects.m in Sources */ = {isa = PBXBuildFile; fileRef = A060F7881B717DB9009D6ADB /* UIImage+ImageEffects.m */; };
		A060F78C1B72A307009D6ADB /* CouponDetailView.xib in Resources */ = {isa = PBXBuildFile; fileRef = A060F78B1B72A307009D6ADB /* CouponDetailView.xib */; };
		A060F78E1B72B475009D6ADB /* CouponDetailView.swift in Sources */ = {isa = PBXBuildFile; fileRef = A060F78D1B72B475009D6ADB /* CouponDetailView.swift */; };
		A065EB321BA8E60A003B7390 /* DashboardController.swift in Sources */ = {isa = PBXBuildFile; fileRef = A065EB311BA8E60A003B7390 /* DashboardController.swift */; };
		A0662A361BA0CEF5006D6278 /* LoadingCell.swift in Sources */ = {isa = PBXBuildFile; fileRef = A0662A351BA0CEF5006D6278 /* LoadingCell.swift */; };
		A06B35791B9F5D9F003C90EF /* SearchCell.swift in Sources */ = {isa = PBXBuildFile; fileRef = A06B35781B9F5D9F003C90EF /* SearchCell.swift */; };
		A06B357C1B9F667D003C90EF /* NearbyBranch.swift in Sources */ = {isa = PBXBuildFile; fileRef = A06B357B1B9F667D003C90EF /* NearbyBranch.swift */; };
		A082F4831B18CEE6001C8C52 /* NewsfeedViewController.swift in Sources */ = {isa = PBXBuildFile; fileRef = A082F4821B18CEE6001C8C52 /* NewsfeedViewController.swift */; };
		A082F4851B18CF01001C8C52 /* NewsfeedController.swift in Sources */ = {isa = PBXBuildFile; fileRef = A082F4841B18CF01001C8C52 /* NewsfeedController.swift */; };
		A082F4871B18E4FF001C8C52 /* NewsfeedNote.swift in Sources */ = {isa = PBXBuildFile; fileRef = A082F4861B18E4FF001C8C52 /* NewsfeedNote.swift */; };
		A082F48A1B1920F8001C8C52 /* NewsfeedCell.swift in Sources */ = {isa = PBXBuildFile; fileRef = A082F4881B1920F8001C8C52 /* NewsfeedCell.swift */; };
		A082F48B1B1920F8001C8C52 /* NewsfeedCell.xib in Resources */ = {isa = PBXBuildFile; fileRef = A082F4891B1920F8001C8C52 /* NewsfeedCell.xib */; };
		A09AB4DB1AF95A26004287F7 /* DashboardViewController.swift in Sources */ = {isa = PBXBuildFile; fileRef = A09AB4DA1AF95A26004287F7 /* DashboardViewController.swift */; };
		A09AB4E21AF99136004287F7 /* CouponController.swift in Sources */ = {isa = PBXBuildFile; fileRef = A09AB4E01AF99136004287F7 /* CouponController.swift */; };
		A09AB4E31AF99136004287F7 /* SwiftyJSON.swift in Sources */ = {isa = PBXBuildFile; fileRef = A09AB4E11AF99136004287F7 /* SwiftyJSON.swift */; };
		A09AB4E51AFA880E004287F7 /* Coupon.swift in Sources */ = {isa = PBXBuildFile; fileRef = A09AB4E41AFA880E004287F7 /* Coupon.swift */; };
		A0BB9BB91B13E4F1000BA261 /* FriendCell.swift in Sources */ = {isa = PBXBuildFile; fileRef = A0BB9BB71B13E4F1000BA261 /* FriendCell.swift */; };
		A0BB9BBA1B13E4F1000BA261 /* FriendCell.xib in Resources */ = {isa = PBXBuildFile; fileRef = A0BB9BB81B13E4F1000BA261 /* FriendCell.xib */; };
		A0C3AC2E1B9525D5005636E7 /* CustomInfiniteIndicator.swift in Sources */ = {isa = PBXBuildFile; fileRef = A0C3AC2D1B9525D5005636E7 /* CustomInfiniteIndicator.swift */; };
		A0DF72911B13A66C006EE8F4 /* FriendsViewController.swift in Sources */ = {isa = PBXBuildFile; fileRef = A0DF72901B13A66C006EE8F4 /* FriendsViewController.swift */; };
		A0DF72931B13AEBF006EE8F4 /* FriendsController.swift in Sources */ = {isa = PBXBuildFile; fileRef = A0DF72921B13AEBF006EE8F4 /* FriendsController.swift */; };
		A0DF72951B13E262006EE8F4 /* Friend.swift in Sources */ = {isa = PBXBuildFile; fileRef = A0DF72941B13E262006EE8F4 /* Friend.swift */; };
		A0EB97AD1B03E16A005112EF /* User.swift in Sources */ = {isa = PBXBuildFile; fileRef = A0EB97AC1B03E16A005112EF /* User.swift */; };
		A0EB97B01B05131E005112EF /* Utilities.swift in Sources */ = {isa = PBXBuildFile; fileRef = A0EB97AF1B05131E005112EF /* Utilities.swift */; };
		A0EB97B21B051F02005112EF /* LoginController.swift in Sources */ = {isa = PBXBuildFile; fileRef = A0EB97B11B051F02005112EF /* LoginController.swift */; };
		A0EB97C61B0B9F8D005112EF /* libz.dylib in Frameworks */ = {isa = PBXBuildFile; fileRef = A0EB97C51B0B9F8D005112EF /* libz.dylib */; };
		A0EB97C81B0B9F9B005112EF /* libc++.dylib in Frameworks */ = {isa = PBXBuildFile; fileRef = A0EB97C71B0B9F9B005112EF /* libc++.dylib */; };
		A0EB97CE1B0BA77E005112EF /* SystemConfiguration.framework in Frameworks */ = {isa = PBXBuildFile; fileRef = A0EB97CD1B0BA77E005112EF /* SystemConfiguration.framework */; };
		A0EB97D01B0BA78B005112EF /* Security.framework in Frameworks */ = {isa = PBXBuildFile; fileRef = A0EB97CF1B0BA78B005112EF /* Security.framework */; };
		A0EB97D21B0BA793005112EF /* QuartzCore.framework in Frameworks */ = {isa = PBXBuildFile; fileRef = A0EB97D11B0BA793005112EF /* QuartzCore.framework */; };
		A0EB97D41B0BA79C005112EF /* MediaPlayer.framework in Frameworks */ = {isa = PBXBuildFile; fileRef = A0EB97D31B0BA79C005112EF /* MediaPlayer.framework */; };
		A0EB97D61B0BA7A5005112EF /* Foundation.framework in Frameworks */ = {isa = PBXBuildFile; fileRef = A0EB97D51B0BA7A5005112EF /* Foundation.framework */; };
		A0EB97D81B0BA7AD005112EF /* CoreText.framework in Frameworks */ = {isa = PBXBuildFile; fileRef = A0EB97D71B0BA7AD005112EF /* CoreText.framework */; };
		A0EB97DA1B0BA7B8005112EF /* CoreTelephony.framework in Frameworks */ = {isa = PBXBuildFile; fileRef = A0EB97D91B0BA7B8005112EF /* CoreTelephony.framework */; };
		A0EB97DC1B0BA7C0005112EF /* CoreMotion.framework in Frameworks */ = {isa = PBXBuildFile; fileRef = A0EB97DB1B0BA7C0005112EF /* CoreMotion.framework */; };
		A0EB97DE1B0BA7C5005112EF /* CoreLocation.framework in Frameworks */ = {isa = PBXBuildFile; fileRef = A0EB97DD1B0BA7C5005112EF /* CoreLocation.framework */; };
		A0EB97E01B0BA7CE005112EF /* CoreData.framework in Frameworks */ = {isa = PBXBuildFile; fileRef = A0EB97DF1B0BA7CE005112EF /* CoreData.framework */; };
		A0EB97E21B0BA7D5005112EF /* AssetsLibrary.framework in Frameworks */ = {isa = PBXBuildFile; fileRef = A0EB97E11B0BA7D5005112EF /* AssetsLibrary.framework */; };
		A0EB97E41B0BA7DD005112EF /* AddressBook.framework in Frameworks */ = {isa = PBXBuildFile; fileRef = A0EB97E31B0BA7DD005112EF /* AddressBook.framework */; };
		A0EC05991B7D1C69003CADB2 /* SWRevealViewController.m in Sources */ = {isa = PBXBuildFile; fileRef = A0EC05981B7D1C69003CADB2 /* SWRevealViewController.m */; };
		A0EC059B1B7D1ED1003CADB2 /* CoreGraphics.framework in Frameworks */ = {isa = PBXBuildFile; fileRef = A0EC059A1B7D1ED1003CADB2 /* CoreGraphics.framework */; };
		A0EC059D1B7D1FD5003CADB2 /* UIKit.framework in Frameworks */ = {isa = PBXBuildFile; fileRef = A0EC059C1B7D1FD5003CADB2 /* UIKit.framework */; };
		A0EC05B41B7D622A003CADB2 /* LoadingViewController.swift in Sources */ = {isa = PBXBuildFile; fileRef = A0EC05B31B7D622A003CADB2 /* LoadingViewController.swift */; };
		A0F7E9201AFAE48500A4F0F2 /* CouponCell.swift in Sources */ = {isa = PBXBuildFile; fileRef = A0F7E91E1AFAE48500A4F0F2 /* CouponCell.swift */; };
		A0F7E9211AFAE48500A4F0F2 /* CouponCell.xib in Resources */ = {isa = PBXBuildFile; fileRef = A0F7E91F1AFAE48500A4F0F2 /* CouponCell.xib */; };
		A0FCF9D81B98D59200BB4537 /* SearchViewController.swift in Sources */ = {isa = PBXBuildFile; fileRef = A0FCF9D71B98D59200BB4537 /* SearchViewController.swift */; };
		A0FE26D31B9AB5EB004EB402 /* search@x3.png in Resources */ = {isa = PBXBuildFile; fileRef = A0FE26D21B9AB5EB004EB402 /* search@x3.png */; };
/* End PBXBuildFile section */

/* Begin PBXContainerItemProxy section */
		9D33261F1AF7ED1C00498801 /* PBXContainerItemProxy */ = {
			isa = PBXContainerItemProxy;
			containerPortal = 9D3326011AF7ED1C00498801 /* Project object */;
			proxyType = 1;
			remoteGlobalIDString = 9D3326081AF7ED1C00498801;
			remoteInfo = dop;
		};
/* End PBXContainerItemProxy section */

/* Begin PBXFileReference section */
		9D0C16831B4DC6EB0088DE2F /* BranchProfileViewController.swift */ = {isa = PBXFileReference; fileEncoding = 4; lastKnownFileType = sourcecode.swift; path = BranchProfileViewController.swift; sourceTree = "<group>"; };
		9D0DB4701B17D2DB0009FE6C /* NearbyMapViewController.swift */ = {isa = PBXFileReference; fileEncoding = 4; lastKnownFileType = sourcecode.swift; path = NearbyMapViewController.swift; sourceTree = "<group>"; };
		9D0DB4721B17DE5A0009FE6C /* MapKit.framework */ = {isa = PBXFileReference; lastKnownFileType = wrapper.framework; name = MapKit.framework; path = System/Library/Frameworks/MapKit.framework; sourceTree = SDKROOT; };
		9D1021361B82A019005BED0C /* BranchProfileLastCampaign.xib */ = {isa = PBXFileReference; fileEncoding = 4; lastKnownFileType = file.xib; path = BranchProfileLastCampaign.xib; sourceTree = "<group>"; };
		9D1FCED61B79295700F42F6D /* SegmentedControl.swift */ = {isa = PBXFileReference; fileEncoding = 4; lastKnownFileType = sourcecode.swift; path = SegmentedControl.swift; sourceTree = "<group>"; };
		9D3326091AF7ED1C00498801 /* dop.app */ = {isa = PBXFileReference; explicitFileType = wrapper.application; includeInIndex = 0; path = dop.app; sourceTree = BUILT_PRODUCTS_DIR; };
		9D33260D1AF7ED1C00498801 /* Info.plist */ = {isa = PBXFileReference; lastKnownFileType = text.plist.xml; path = Info.plist; sourceTree = "<group>"; };
		9D33260E1AF7ED1C00498801 /* AppDelegate.swift */ = {isa = PBXFileReference; lastKnownFileType = sourcecode.swift; path = AppDelegate.swift; sourceTree = "<group>"; };
		9D3326101AF7ED1C00498801 /* LoginViewController.swift */ = {isa = PBXFileReference; lastKnownFileType = sourcecode.swift; path = LoginViewController.swift; sourceTree = "<group>"; };
		9D3326181AF7ED1C00498801 /* Base */ = {isa = PBXFileReference; lastKnownFileType = file.xib; name = Base; path = Base.lproj/LaunchScreen.xib; sourceTree = "<group>"; };
		9D33261E1AF7ED1C00498801 /* dopTests.xctest */ = {isa = PBXFileReference; explicitFileType = wrapper.cfbundle; includeInIndex = 0; path = dopTests.xctest; sourceTree = BUILT_PRODUCTS_DIR; };
		9D3326231AF7ED1C00498801 /* Info.plist */ = {isa = PBXFileReference; lastKnownFileType = text.plist.xml; path = Info.plist; sourceTree = "<group>"; };
		9D3326241AF7ED1C00498801 /* dopTests.swift */ = {isa = PBXFileReference; lastKnownFileType = sourcecode.swift; path = dopTests.swift; sourceTree = "<group>"; };
		9D4C04801B18EAF600D5DCEE /* FontAwesome.ttf */ = {isa = PBXFileReference; lastKnownFileType = file; path = FontAwesome.ttf; sourceTree = "<group>"; };
		9D4D298A1B9F50A100CE58A9 /* Montserrat-Light.otf */ = {isa = PBXFileReference; lastKnownFileType = file; name = "Montserrat-Light.otf"; path = "dop/Montserrat-Light.otf"; sourceTree = "<group>"; };
		9D4D298B1B9F50A100CE58A9 /* Montserrat-UltraLight.otf */ = {isa = PBXFileReference; lastKnownFileType = file; name = "Montserrat-UltraLight.otf"; path = "dop/Montserrat-UltraLight.otf"; sourceTree = "<group>"; };
		9D5DA8991B9E55DB00954B30 /* Montserrat-Bold.otf */ = {isa = PBXFileReference; lastKnownFileType = file; name = "Montserrat-Bold.otf"; path = "dop/Montserrat-Bold.otf"; sourceTree = "<group>"; };
		9D5DA89A1B9E55DB00954B30 /* Montserrat-Regular.otf */ = {isa = PBXFileReference; lastKnownFileType = file; name = "Montserrat-Regular.otf"; path = "dop/Montserrat-Regular.otf"; sourceTree = "<group>"; };
		9D697C791B5EF13000D786AA /* iconfonts-fontawesome.swift */ = {isa = PBXFileReference; lastKnownFileType = sourcecode.swift; path = "iconfonts-fontawesome.swift"; sourceTree = "<group>"; };
		9D9C1B2A1B83B0D900F7895B /* FBSDKShareKit.framework */ = {isa = PBXFileReference; lastKnownFileType = wrapper.framework; name = FBSDKShareKit.framework; path = dop/FBSDKShareKit.framework; sourceTree = "<group>"; };
		9D9C1B2C1B83B3DB00F7895B /* FBSDKCoreKit.framework */ = {isa = PBXFileReference; lastKnownFileType = wrapper.framework; name = FBSDKCoreKit.framework; path = dop/FBSDKCoreKit.framework; sourceTree = "<group>"; };
		9DA3C8951B90C117000D40F2 /* Images.xcassets */ = {isa = PBXFileReference; lastKnownFileType = folder.assetcatalog; path = Images.xcassets; sourceTree = "<group>"; };
		9DA7AA9E1B50309400297690 /* BranchProfileController.swift */ = {isa = PBXFileReference; fileEncoding = 4; lastKnownFileType = sourcecode.swift; path = BranchProfileController.swift; sourceTree = "<group>"; };
		9DA85CFC1B82587E009DA186 /* BranchProfileLastCampaign.swift */ = {isa = PBXFileReference; fileEncoding = 4; lastKnownFileType = sourcecode.swift; path = BranchProfileLastCampaign.swift; sourceTree = "<group>"; };
		9DAAE7B61B0E810B00209588 /* Base */ = {isa = PBXFileReference; lastKnownFileType = file.storyboard; name = Base; path = Base.lproj/Main.storyboard; sourceTree = "<group>"; };
		9DACBBF81BA8CE0200CAEECB /* FilterSegmentedControl.swift */ = {isa = PBXFileReference; fileEncoding = 4; lastKnownFileType = sourcecode.swift; path = FilterSegmentedControl.swift; sourceTree = "<group>"; };
		9DB327CB1B863C77006BF882 /* MoreMenuController.swift */ = {isa = PBXFileReference; fileEncoding = 4; lastKnownFileType = sourcecode.swift; path = MoreMenuController.swift; sourceTree = "<group>"; };
		9DB327CD1B863C84006BF882 /* MoreMenuViewController.swift */ = {isa = PBXFileReference; fileEncoding = 4; lastKnownFileType = sourcecode.swift; path = MoreMenuViewController.swift; sourceTree = "<group>"; };
		9DB3DABA1B73C28A004AC0F1 /* BranchProfileTopView.swift */ = {isa = PBXFileReference; fileEncoding = 4; lastKnownFileType = sourcecode.swift; path = BranchProfileTopView.swift; sourceTree = "<group>"; };
		9DB3DABC1B73ED96004AC0F1 /* BranchProfileAboutView.xib */ = {isa = PBXFileReference; fileEncoding = 4; lastKnownFileType = file.xib; path = BranchProfileAboutView.xib; sourceTree = "<group>"; };
		9DB3DABE1B740070004AC0F1 /* BranchProfileAboutView.swift */ = {isa = PBXFileReference; fileEncoding = 4; lastKnownFileType = sourcecode.swift; path = BranchProfileAboutView.swift; sourceTree = "<group>"; };
		9DB612191B192FCC004B8DB8 /* NearbyMapController.swift */ = {isa = PBXFileReference; fileEncoding = 4; lastKnownFileType = sourcecode.swift; path = NearbyMapController.swift; sourceTree = "<group>"; };
		9DB6BB291B72A6A000FF2659 /* BranchProfileTopView.xib */ = {isa = PBXFileReference; fileEncoding = 4; lastKnownFileType = file.xib; path = BranchProfileTopView.xib; sourceTree = "<group>"; };
		9DB907DD1B8E25A000A40FE0 /* FilterSideViewController.swift */ = {isa = PBXFileReference; fileEncoding = 4; lastKnownFileType = sourcecode.swift; path = FilterSideViewController.swift; sourceTree = "<group>"; };
		9DC921881B9F8D4900241FFD /* UIScrollView+InfiniteScroll.h */ = {isa = PBXFileReference; lastKnownFileType = sourcecode.c.h; path = "UIScrollView+InfiniteScroll.h"; sourceTree = "<group>"; };
		9DC921891B9F8D4900241FFD /* UIScrollView+InfiniteScroll.m */ = {isa = PBXFileReference; lastKnownFileType = sourcecode.c.objc; path = "UIScrollView+InfiniteScroll.m"; sourceTree = "<group>"; };
		A04860941B0D5355009FEF1F /* A0JWTDecoder.h */ = {isa = PBXFileReference; fileEncoding = 4; lastKnownFileType = sourcecode.c.h; path = A0JWTDecoder.h; sourceTree = "<group>"; };
		A04860951B0D5355009FEF1F /* A0JWTDecoder.m */ = {isa = PBXFileReference; fileEncoding = 4; lastKnownFileType = sourcecode.c.objc; path = A0JWTDecoder.m; sourceTree = "<group>"; };
		A04860971B0D5658009FEF1F /* FacebookSDK.framework */ = {isa = PBXFileReference; lastKnownFileType = wrapper.framework; name = FacebookSDK.framework; path = dop/FacebookSDK.framework; sourceTree = "<group>"; };
		A04E38891AFC3549007C7B69 /* starbucks.gif */ = {isa = PBXFileReference; lastKnownFileType = image.gif; path = starbucks.gif; sourceTree = "<group>"; };
		A0578C4E1B0D64AD0033B5BD /* Fabric.framework */ = {isa = PBXFileReference; lastKnownFileType = wrapper.framework; path = Fabric.framework; sourceTree = "<group>"; };
		A0578C511B0D64AD0033B5BD /* TwitterCore.framework */ = {isa = PBXFileReference; lastKnownFileType = wrapper.framework; path = TwitterCore.framework; sourceTree = "<group>"; };
		A0578C5C1B0E40D30033B5BD /* GoogleOpenSource.framework */ = {isa = PBXFileReference; lastKnownFileType = wrapper.framework; name = GoogleOpenSource.framework; path = dop/GoogleOpenSource.framework; sourceTree = "<group>"; };
		A0578C5D1B0E40D30033B5BD /* GooglePlus.bundle */ = {isa = PBXFileReference; lastKnownFileType = "wrapper.plug-in"; name = GooglePlus.bundle; path = dop/GooglePlus.bundle; sourceTree = "<group>"; };
		A0578C5E1B0E40D30033B5BD /* GooglePlus.framework */ = {isa = PBXFileReference; lastKnownFileType = wrapper.framework; name = GooglePlus.framework; path = dop/GooglePlus.framework; sourceTree = "<group>"; };
		A0578C621B0E7D2B0033B5BD /* UserProfileController.swift */ = {isa = PBXFileReference; fileEncoding = 4; lastKnownFileType = sourcecode.swift; path = UserProfileController.swift; sourceTree = "<group>"; };
		A0578C631B0E7D2B0033B5BD /* UserProfileViewController.swift */ = {isa = PBXFileReference; fileEncoding = 4; lastKnownFileType = sourcecode.swift; path = UserProfileViewController.swift; sourceTree = "<group>"; };
		A05F782C1B5039FB00371708 /* TwitterKit.framework */ = {isa = PBXFileReference; lastKnownFileType = wrapper.framework; name = TwitterKit.framework; path = ../../Downloads/TwitterKit.framework; sourceTree = "<group>"; };
		A05F782E1B503A4E00371708 /* Social.framework */ = {isa = PBXFileReference; lastKnownFileType = wrapper.framework; name = Social.framework; path = System/Library/Frameworks/Social.framework; sourceTree = SDKROOT; };
		A05F78301B505DED00371708 /* Accounts.framework */ = {isa = PBXFileReference; lastKnownFileType = wrapper.framework; name = Accounts.framework; path = System/Library/Frameworks/Accounts.framework; sourceTree = SDKROOT; };
		A060F7791B6C4CA3009D6ADB /* TabbarController.swift */ = {isa = PBXFileReference; fileEncoding = 4; lastKnownFileType = sourcecode.swift; path = TabbarController.swift; sourceTree = "<group>"; };
		A060F77B1B6FE4BA009D6ADB /* PromoViewController.swift */ = {isa = PBXFileReference; fileEncoding = 4; lastKnownFileType = sourcecode.swift; path = PromoViewController.swift; sourceTree = "<group>"; };
		A060F77D1B700355009D6ADB /* starbucks_banner.jpg */ = {isa = PBXFileReference; lastKnownFileType = image.jpeg; path = starbucks_banner.jpg; sourceTree = "<group>"; };
		A060F7811B70184F009D6ADB /* PromoCollectionCell.swift */ = {isa = PBXFileReference; fileEncoding = 4; lastKnownFileType = sourcecode.swift; path = PromoCollectionCell.swift; sourceTree = "<group>"; };
		A060F7831B701EFE009D6ADB /* heart.png */ = {isa = PBXFileReference; lastKnownFileType = image.png; path = heart.png; sourceTree = "<group>"; };
		A060F7851B702FAC009D6ADB /* CouponDetailViewController.swift */ = {isa = PBXFileReference; fileEncoding = 4; lastKnownFileType = sourcecode.swift; path = CouponDetailViewController.swift; sourceTree = "<group>"; };
		A060F7871B717DB9009D6ADB /* UIImage+ImageEffects.h */ = {isa = PBXFileReference; fileEncoding = 4; lastKnownFileType = sourcecode.c.h; path = "UIImage+ImageEffects.h"; sourceTree = "<group>"; };
		A060F7881B717DB9009D6ADB /* UIImage+ImageEffects.m */ = {isa = PBXFileReference; fileEncoding = 4; lastKnownFileType = sourcecode.c.objc; path = "UIImage+ImageEffects.m"; sourceTree = "<group>"; };
		A060F78B1B72A307009D6ADB /* CouponDetailView.xib */ = {isa = PBXFileReference; fileEncoding = 4; lastKnownFileType = file.xib; path = CouponDetailView.xib; sourceTree = "<group>"; };
		A060F78D1B72B475009D6ADB /* CouponDetailView.swift */ = {isa = PBXFileReference; fileEncoding = 4; lastKnownFileType = sourcecode.swift; path = CouponDetailView.swift; sourceTree = "<group>"; };
		A065EB311BA8E60A003B7390 /* DashboardController.swift */ = {isa = PBXFileReference; fileEncoding = 4; lastKnownFileType = sourcecode.swift; path = DashboardController.swift; sourceTree = "<group>"; };
		A0662A351BA0CEF5006D6278 /* LoadingCell.swift */ = {isa = PBXFileReference; fileEncoding = 4; lastKnownFileType = sourcecode.swift; path = LoadingCell.swift; sourceTree = "<group>"; };
		A06B35781B9F5D9F003C90EF /* SearchCell.swift */ = {isa = PBXFileReference; fileEncoding = 4; lastKnownFileType = sourcecode.swift; path = SearchCell.swift; sourceTree = "<group>"; };
		A06B357B1B9F667D003C90EF /* NearbyBranch.swift */ = {isa = PBXFileReference; fileEncoding = 4; lastKnownFileType = sourcecode.swift; path = NearbyBranch.swift; sourceTree = "<group>"; };
		A082F4821B18CEE6001C8C52 /* NewsfeedViewController.swift */ = {isa = PBXFileReference; fileEncoding = 4; lastKnownFileType = sourcecode.swift; path = NewsfeedViewController.swift; sourceTree = "<group>"; };
		A082F4841B18CF01001C8C52 /* NewsfeedController.swift */ = {isa = PBXFileReference; fileEncoding = 4; lastKnownFileType = sourcecode.swift; path = NewsfeedController.swift; sourceTree = "<group>"; };
		A082F4861B18E4FF001C8C52 /* NewsfeedNote.swift */ = {isa = PBXFileReference; fileEncoding = 4; lastKnownFileType = sourcecode.swift; path = NewsfeedNote.swift; sourceTree = "<group>"; };
		A082F4881B1920F8001C8C52 /* NewsfeedCell.swift */ = {isa = PBXFileReference; fileEncoding = 4; lastKnownFileType = sourcecode.swift; path = NewsfeedCell.swift; sourceTree = "<group>"; };
		A082F4891B1920F8001C8C52 /* NewsfeedCell.xib */ = {isa = PBXFileReference; fileEncoding = 4; lastKnownFileType = file.xib; path = NewsfeedCell.xib; sourceTree = "<group>"; };
		A09AB4DA1AF95A26004287F7 /* DashboardViewController.swift */ = {isa = PBXFileReference; fileEncoding = 4; lastKnownFileType = sourcecode.swift; path = DashboardViewController.swift; sourceTree = "<group>"; };
		A09AB4E01AF99136004287F7 /* CouponController.swift */ = {isa = PBXFileReference; fileEncoding = 4; lastKnownFileType = sourcecode.swift; path = CouponController.swift; sourceTree = "<group>"; };
		A09AB4E11AF99136004287F7 /* SwiftyJSON.swift */ = {isa = PBXFileReference; fileEncoding = 4; lastKnownFileType = sourcecode.swift; path = SwiftyJSON.swift; sourceTree = "<group>"; };
		A09AB4E41AFA880E004287F7 /* Coupon.swift */ = {isa = PBXFileReference; fileEncoding = 4; lastKnownFileType = sourcecode.swift; path = Coupon.swift; sourceTree = "<group>"; };
		A0AE939A1AF8041A00D02315 /* Bridging-Header.h */ = {isa = PBXFileReference; lastKnownFileType = sourcecode.c.h; path = "Bridging-Header.h"; sourceTree = "<group>"; };
		A0BB9BB71B13E4F1000BA261 /* FriendCell.swift */ = {isa = PBXFileReference; fileEncoding = 4; lastKnownFileType = sourcecode.swift; path = FriendCell.swift; sourceTree = "<group>"; };
		A0BB9BB81B13E4F1000BA261 /* FriendCell.xib */ = {isa = PBXFileReference; fileEncoding = 4; lastKnownFileType = file.xib; path = FriendCell.xib; sourceTree = "<group>"; };
		A0C3AC2D1B9525D5005636E7 /* CustomInfiniteIndicator.swift */ = {isa = PBXFileReference; fileEncoding = 4; lastKnownFileType = sourcecode.swift; path = CustomInfiniteIndicator.swift; sourceTree = "<group>"; };
		A0DF72901B13A66C006EE8F4 /* FriendsViewController.swift */ = {isa = PBXFileReference; fileEncoding = 4; lastKnownFileType = sourcecode.swift; path = FriendsViewController.swift; sourceTree = "<group>"; };
		A0DF72921B13AEBF006EE8F4 /* FriendsController.swift */ = {isa = PBXFileReference; fileEncoding = 4; lastKnownFileType = sourcecode.swift; path = FriendsController.swift; sourceTree = "<group>"; };
		A0DF72941B13E262006EE8F4 /* Friend.swift */ = {isa = PBXFileReference; fileEncoding = 4; lastKnownFileType = sourcecode.swift; path = Friend.swift; sourceTree = "<group>"; };
		A0EB97AC1B03E16A005112EF /* User.swift */ = {isa = PBXFileReference; fileEncoding = 4; lastKnownFileType = sourcecode.swift; path = User.swift; sourceTree = "<group>"; };
		A0EB97AF1B05131E005112EF /* Utilities.swift */ = {isa = PBXFileReference; fileEncoding = 4; lastKnownFileType = sourcecode.swift; path = Utilities.swift; sourceTree = "<group>"; };
		A0EB97B11B051F02005112EF /* LoginController.swift */ = {isa = PBXFileReference; fileEncoding = 4; lastKnownFileType = sourcecode.swift; path = LoginController.swift; sourceTree = "<group>"; };
		A0EB97C51B0B9F8D005112EF /* libz.dylib */ = {isa = PBXFileReference; lastKnownFileType = "compiled.mach-o.dylib"; name = libz.dylib; path = usr/lib/libz.dylib; sourceTree = SDKROOT; };
		A0EB97C71B0B9F9B005112EF /* libc++.dylib */ = {isa = PBXFileReference; lastKnownFileType = "compiled.mach-o.dylib"; name = "libc++.dylib"; path = "usr/lib/libc++.dylib"; sourceTree = SDKROOT; };
		A0EB97CD1B0BA77E005112EF /* SystemConfiguration.framework */ = {isa = PBXFileReference; lastKnownFileType = wrapper.framework; name = SystemConfiguration.framework; path = System/Library/Frameworks/SystemConfiguration.framework; sourceTree = SDKROOT; };
		A0EB97CF1B0BA78B005112EF /* Security.framework */ = {isa = PBXFileReference; lastKnownFileType = wrapper.framework; name = Security.framework; path = System/Library/Frameworks/Security.framework; sourceTree = SDKROOT; };
		A0EB97D11B0BA793005112EF /* QuartzCore.framework */ = {isa = PBXFileReference; lastKnownFileType = wrapper.framework; name = QuartzCore.framework; path = System/Library/Frameworks/QuartzCore.framework; sourceTree = SDKROOT; };
		A0EB97D31B0BA79C005112EF /* MediaPlayer.framework */ = {isa = PBXFileReference; lastKnownFileType = wrapper.framework; name = MediaPlayer.framework; path = System/Library/Frameworks/MediaPlayer.framework; sourceTree = SDKROOT; };
		A0EB97D51B0BA7A5005112EF /* Foundation.framework */ = {isa = PBXFileReference; lastKnownFileType = wrapper.framework; name = Foundation.framework; path = System/Library/Frameworks/Foundation.framework; sourceTree = SDKROOT; };
		A0EB97D71B0BA7AD005112EF /* CoreText.framework */ = {isa = PBXFileReference; lastKnownFileType = wrapper.framework; name = CoreText.framework; path = System/Library/Frameworks/CoreText.framework; sourceTree = SDKROOT; };
		A0EB97D91B0BA7B8005112EF /* CoreTelephony.framework */ = {isa = PBXFileReference; lastKnownFileType = wrapper.framework; name = CoreTelephony.framework; path = System/Library/Frameworks/CoreTelephony.framework; sourceTree = SDKROOT; };
		A0EB97DB1B0BA7C0005112EF /* CoreMotion.framework */ = {isa = PBXFileReference; lastKnownFileType = wrapper.framework; name = CoreMotion.framework; path = System/Library/Frameworks/CoreMotion.framework; sourceTree = SDKROOT; };
		A0EB97DD1B0BA7C5005112EF /* CoreLocation.framework */ = {isa = PBXFileReference; lastKnownFileType = wrapper.framework; name = CoreLocation.framework; path = System/Library/Frameworks/CoreLocation.framework; sourceTree = SDKROOT; };
		A0EB97DF1B0BA7CE005112EF /* CoreData.framework */ = {isa = PBXFileReference; lastKnownFileType = wrapper.framework; name = CoreData.framework; path = System/Library/Frameworks/CoreData.framework; sourceTree = SDKROOT; };
		A0EB97E11B0BA7D5005112EF /* AssetsLibrary.framework */ = {isa = PBXFileReference; lastKnownFileType = wrapper.framework; name = AssetsLibrary.framework; path = System/Library/Frameworks/AssetsLibrary.framework; sourceTree = SDKROOT; };
		A0EB97E31B0BA7DD005112EF /* AddressBook.framework */ = {isa = PBXFileReference; lastKnownFileType = wrapper.framework; name = AddressBook.framework; path = System/Library/Frameworks/AddressBook.framework; sourceTree = SDKROOT; };
		A0EC05971B7D1C55003CADB2 /* SWRevealViewController.h */ = {isa = PBXFileReference; lastKnownFileType = sourcecode.c.h; path = SWRevealViewController.h; sourceTree = "<group>"; };
		A0EC05981B7D1C69003CADB2 /* SWRevealViewController.m */ = {isa = PBXFileReference; fileEncoding = 4; lastKnownFileType = sourcecode.c.objc; path = SWRevealViewController.m; sourceTree = "<group>"; };
		A0EC059A1B7D1ED1003CADB2 /* CoreGraphics.framework */ = {isa = PBXFileReference; lastKnownFileType = wrapper.framework; name = CoreGraphics.framework; path = System/Library/Frameworks/CoreGraphics.framework; sourceTree = SDKROOT; };
		A0EC059C1B7D1FD5003CADB2 /* UIKit.framework */ = {isa = PBXFileReference; lastKnownFileType = wrapper.framework; name = UIKit.framework; path = System/Library/Frameworks/UIKit.framework; sourceTree = SDKROOT; };
		A0EC05B31B7D622A003CADB2 /* LoadingViewController.swift */ = {isa = PBXFileReference; fileEncoding = 4; lastKnownFileType = sourcecode.swift; path = LoadingViewController.swift; sourceTree = "<group>"; };
		A0F7E91E1AFAE48500A4F0F2 /* CouponCell.swift */ = {isa = PBXFileReference; fileEncoding = 4; lastKnownFileType = sourcecode.swift; path = CouponCell.swift; sourceTree = "<group>"; };
		A0F7E91F1AFAE48500A4F0F2 /* CouponCell.xib */ = {isa = PBXFileReference; fileEncoding = 4; lastKnownFileType = file.xib; path = CouponCell.xib; sourceTree = "<group>"; };
		A0FCF9D71B98D59200BB4537 /* SearchViewController.swift */ = {isa = PBXFileReference; fileEncoding = 4; lastKnownFileType = sourcecode.swift; path = SearchViewController.swift; sourceTree = "<group>"; };
		A0FE26D01B9A4D12004EB402 /* SearchController.swift */ = {isa = PBXFileReference; fileEncoding = 4; lastKnownFileType = sourcecode.swift; path = SearchController.swift; sourceTree = "<group>"; };
		A0FE26D21B9AB5EB004EB402 /* search@x3.png */ = {isa = PBXFileReference; lastKnownFileType = image.png; path = "search@x3.png"; sourceTree = "<group>"; };
/* End PBXFileReference section */

/* Begin PBXFrameworksBuildPhase section */
		9D3326061AF7ED1C00498801 /* Frameworks */ = {
			isa = PBXFrameworksBuildPhase;
			buildActionMask = 2147483647;
			files = (
				A0EC059D1B7D1FD5003CADB2 /* UIKit.framework in Frameworks */,
				A0EC059B1B7D1ED1003CADB2 /* CoreGraphics.framework in Frameworks */,
				A05F78311B505DED00371708 /* Accounts.framework in Frameworks */,
				A05F782F1B503A4E00371708 /* Social.framework in Frameworks */,
				9D9C1B2B1B83B0D900F7895B /* FBSDKShareKit.framework in Frameworks */,
				A04860981B0D5658009FEF1F /* FacebookSDK.framework in Frameworks */,
				A0EB97E41B0BA7DD005112EF /* AddressBook.framework in Frameworks */,
				A0578C5F1B0E40D30033B5BD /* GoogleOpenSource.framework in Frameworks */,
				A0EB97E21B0BA7D5005112EF /* AssetsLibrary.framework in Frameworks */,
				9D0DB4731B17DE5A0009FE6C /* MapKit.framework in Frameworks */,
				A0EB97E01B0BA7CE005112EF /* CoreData.framework in Frameworks */,
				A0578C611B0E40D30033B5BD /* GooglePlus.framework in Frameworks */,
				A0578C551B0D64AD0033B5BD /* TwitterCore.framework in Frameworks */,
				A0578C521B0D64AD0033B5BD /* Fabric.framework in Frameworks */,
				A0EB97DE1B0BA7C5005112EF /* CoreLocation.framework in Frameworks */,
				A0EB97DC1B0BA7C0005112EF /* CoreMotion.framework in Frameworks */,
				9D9C1B2D1B83B3DB00F7895B /* FBSDKCoreKit.framework in Frameworks */,
				A0EB97DA1B0BA7B8005112EF /* CoreTelephony.framework in Frameworks */,
				A0EB97D81B0BA7AD005112EF /* CoreText.framework in Frameworks */,
				A0EB97D61B0BA7A5005112EF /* Foundation.framework in Frameworks */,
				A0EB97D41B0BA79C005112EF /* MediaPlayer.framework in Frameworks */,
				A0EB97D21B0BA793005112EF /* QuartzCore.framework in Frameworks */,
				A0EB97D01B0BA78B005112EF /* Security.framework in Frameworks */,
				A0EB97CE1B0BA77E005112EF /* SystemConfiguration.framework in Frameworks */,
				A0EB97C81B0B9F9B005112EF /* libc++.dylib in Frameworks */,
				A0EB97C61B0B9F8D005112EF /* libz.dylib in Frameworks */,
				A05F782D1B5039FB00371708 /* TwitterKit.framework in Frameworks */,
			);
			runOnlyForDeploymentPostprocessing = 0;
		};
		9D33261B1AF7ED1C00498801 /* Frameworks */ = {
			isa = PBXFrameworksBuildPhase;
			buildActionMask = 2147483647;
			files = (
			);
			runOnlyForDeploymentPostprocessing = 0;
		};
/* End PBXFrameworksBuildPhase section */

/* Begin PBXGroup section */
		079462BCCDF3FAF530C45E4E /* Frameworks */ = {
			isa = PBXGroup;
			children = (
				9D9C1B2C1B83B3DB00F7895B /* FBSDKCoreKit.framework */,
				9D9C1B2A1B83B0D900F7895B /* FBSDKShareKit.framework */,
				A0EC059C1B7D1FD5003CADB2 /* UIKit.framework */,
				A0EC059A1B7D1ED1003CADB2 /* CoreGraphics.framework */,
				A05F78301B505DED00371708 /* Accounts.framework */,
				A05F782E1B503A4E00371708 /* Social.framework */,
				A05F782C1B5039FB00371708 /* TwitterKit.framework */,
				9D0DB4721B17DE5A0009FE6C /* MapKit.framework */,
				A0578C5C1B0E40D30033B5BD /* GoogleOpenSource.framework */,
				A0578C5D1B0E40D30033B5BD /* GooglePlus.bundle */,
				A0578C5E1B0E40D30033B5BD /* GooglePlus.framework */,
				A0578C4E1B0D64AD0033B5BD /* Fabric.framework */,
				A0578C511B0D64AD0033B5BD /* TwitterCore.framework */,
				A0EB97E31B0BA7DD005112EF /* AddressBook.framework */,
				A0EB97E11B0BA7D5005112EF /* AssetsLibrary.framework */,
				A0EB97DF1B0BA7CE005112EF /* CoreData.framework */,
				A0EB97DD1B0BA7C5005112EF /* CoreLocation.framework */,
				A0EB97DB1B0BA7C0005112EF /* CoreMotion.framework */,
				A0EB97D91B0BA7B8005112EF /* CoreTelephony.framework */,
				A0EB97D71B0BA7AD005112EF /* CoreText.framework */,
				A0EB97D51B0BA7A5005112EF /* Foundation.framework */,
				A0EB97D31B0BA79C005112EF /* MediaPlayer.framework */,
				A0EB97D11B0BA793005112EF /* QuartzCore.framework */,
				A0EB97CF1B0BA78B005112EF /* Security.framework */,
				A0EB97CD1B0BA77E005112EF /* SystemConfiguration.framework */,
				A0EB97C71B0B9F9B005112EF /* libc++.dylib */,
				A04860971B0D5658009FEF1F /* FacebookSDK.framework */,
				A0EB97C51B0B9F8D005112EF /* libz.dylib */,
			);
			name = Frameworks;
			sourceTree = "<group>";
		};
		9D0C16821B4DC6AE0088DE2F /* BranchProfile */ = {
			isa = PBXGroup;
			children = (
				9D0C16831B4DC6EB0088DE2F /* BranchProfileViewController.swift */,
				9DA7AA9E1B50309400297690 /* BranchProfileController.swift */,
				9DB6BB291B72A6A000FF2659 /* BranchProfileTopView.xib */,
				9DB3DABA1B73C28A004AC0F1 /* BranchProfileTopView.swift */,
				9DB3DABC1B73ED96004AC0F1 /* BranchProfileAboutView.xib */,
				9DB3DABE1B740070004AC0F1 /* BranchProfileAboutView.swift */,
				9DA85CFC1B82587E009DA186 /* BranchProfileLastCampaign.swift */,
				9D1021361B82A019005BED0C /* BranchProfileLastCampaign.xib */,
			);
			name = BranchProfile;
			sourceTree = "<group>";
		};
		9D0DB46F1B17D2A50009FE6C /* Nearby */ = {
			isa = PBXGroup;
			children = (
				A06B357B1B9F667D003C90EF /* NearbyBranch.swift */,
				9DB907DD1B8E25A000A40FE0 /* FilterSideViewController.swift */,
				9D0DB4701B17D2DB0009FE6C /* NearbyMapViewController.swift */,
				9DB612191B192FCC004B8DB8 /* NearbyMapController.swift */,
				9DACBBF81BA8CE0200CAEECB /* FilterSegmentedControl.swift */,
			);
			name = Nearby;
			sourceTree = "<group>";
		};
		9D3326001AF7ED1C00498801 = {
			isa = PBXGroup;
			children = (
				9D4D298A1B9F50A100CE58A9 /* Montserrat-Light.otf */,
				9D4D298B1B9F50A100CE58A9 /* Montserrat-UltraLight.otf */,
				9D5DA8991B9E55DB00954B30 /* Montserrat-Bold.otf */,
				9D5DA89A1B9E55DB00954B30 /* Montserrat-Regular.otf */,
				9D33260B1AF7ED1C00498801 /* dop */,
				9D3326211AF7ED1C00498801 /* dopTests */,
				9D33260A1AF7ED1C00498801 /* Products */,
				079462BCCDF3FAF530C45E4E /* Frameworks */,
			);
			sourceTree = "<group>";
		};
		9D33260A1AF7ED1C00498801 /* Products */ = {
			isa = PBXGroup;
			children = (
				9D3326091AF7ED1C00498801 /* dop.app */,
				9D33261E1AF7ED1C00498801 /* dopTests.xctest */,
			);
			name = Products;
			sourceTree = "<group>";
		};
		9D33260B1AF7ED1C00498801 /* dop */ = {
			isa = PBXGroup;
			children = (
				A0AE939A1AF8041A00D02315 /* Bridging-Header.h */,
				9D33260E1AF7ED1C00498801 /* AppDelegate.swift */,
				A060F78D1B72B475009D6ADB /* CouponDetailView.swift */,
				A060F7851B702FAC009D6ADB /* CouponDetailViewController.swift */,
				9D697C791B5EF13000D786AA /* iconfonts-fontawesome.swift */,
				9D1FCED61B79295700F42F6D /* SegmentedControl.swift */,
				A09AB4E11AF99136004287F7 /* SwiftyJSON.swift */,
				A0578C621B0E7D2B0033B5BD /* UserProfileController.swift */,
				A0578C631B0E7D2B0033B5BD /* UserProfileViewController.swift */,
				9D4C04801B18EAF600D5DCEE /* FontAwesome.ttf */,
				9DA3C8951B90C117000D40F2 /* Images.xcassets */,
				A0EB97AF1B05131E005112EF /* Utilities.swift */,
				A060F78B1B72A307009D6ADB /* CouponDetailView.xib */,
				A060F7791B6C4CA3009D6ADB /* TabbarController.swift */,
				A060F77B1B6FE4BA009D6ADB /* PromoViewController.swift */,
				A060F7811B70184F009D6ADB /* PromoCollectionCell.swift */,
				A0EC05B31B7D622A003CADB2 /* LoadingViewController.swift */,
				A065EB301BA8E413003B7390 /* Dashboard */,
				A06B357A1B9F5DBD003C90EF /* Search */,
				A060F78A1B717FD2009D6ADB /* Blur */,
				9D0C16821B4DC6AE0088DE2F /* BranchProfile */,
				A09AB4E61AFA9609004287F7 /* Coupon */,
				A0BB9BB61B13E4CA000BA261 /* Friend */,
				A0D6FBFE1B9105E200C8E87F /* InfiniteScroll */,
				A04860901B0D4D3B009FEF1F /* JWTDecode */,
				9D3326171AF7ED1C00498801 /* LaunchScreen.xib */,
				A0EB97B31B052074005112EF /* Login */,
				9DAAE7B51B0E810B00209588 /* Main.storyboard */,
				9DB327CA1B862EF6006BF882 /* MoreMenu */,
				9D0DB46F1B17D2A50009FE6C /* Nearby */,
				A082F4811B18CEC7001C8C52 /* Newsfeed */,
				9D33260C1AF7ED1C00498801 /* Supporting Files */,
				A0365FDB1AF9463B000A325D /* SWRevealViewController */,
				A0EB97AE1B03E198005112EF /* User */,
			);
			path = dop;
			sourceTree = "<group>";
		};
		9D33260C1AF7ED1C00498801 /* Supporting Files */ = {
			isa = PBXGroup;
			children = (
				A0FE26D21B9AB5EB004EB402 /* search@x3.png */,
				A060F7831B701EFE009D6ADB /* heart.png */,
				A04E38891AFC3549007C7B69 /* starbucks.gif */,
				A060F77D1B700355009D6ADB /* starbucks_banner.jpg */,
				9D33260D1AF7ED1C00498801 /* Info.plist */,
			);
			name = "Supporting Files";
			sourceTree = "<group>";
		};
		9D3326211AF7ED1C00498801 /* dopTests */ = {
			isa = PBXGroup;
			children = (
				9D3326241AF7ED1C00498801 /* dopTests.swift */,
				9D3326221AF7ED1C00498801 /* Supporting Files */,
			);
			path = dopTests;
			sourceTree = "<group>";
		};
		9D3326221AF7ED1C00498801 /* Supporting Files */ = {
			isa = PBXGroup;
			children = (
				9D3326231AF7ED1C00498801 /* Info.plist */,
			);
			name = "Supporting Files";
			sourceTree = "<group>";
		};
		9DB327CA1B862EF6006BF882 /* MoreMenu */ = {
			isa = PBXGroup;
			children = (
				9DB327CD1B863C84006BF882 /* MoreMenuViewController.swift */,
				9DB327CB1B863C77006BF882 /* MoreMenuController.swift */,
			);
			name = MoreMenu;
			sourceTree = "<group>";
		};
		A0365FDB1AF9463B000A325D /* SWRevealViewController */ = {
			isa = PBXGroup;
			children = (
				A0EC05971B7D1C55003CADB2 /* SWRevealViewController.h */,
				A0EC05981B7D1C69003CADB2 /* SWRevealViewController.m */,
			);
			name = SWRevealViewController;
			sourceTree = "<group>";
		};
		A04860901B0D4D3B009FEF1F /* JWTDecode */ = {
			isa = PBXGroup;
			children = (
				A04860941B0D5355009FEF1F /* A0JWTDecoder.h */,
				A04860951B0D5355009FEF1F /* A0JWTDecoder.m */,
			);
			name = JWTDecode;
			sourceTree = "<group>";
		};
		A060F78A1B717FD2009D6ADB /* Blur */ = {
			isa = PBXGroup;
			children = (
				A060F7871B717DB9009D6ADB /* UIImage+ImageEffects.h */,
				A060F7881B717DB9009D6ADB /* UIImage+ImageEffects.m */,
			);
			name = Blur;
			sourceTree = "<group>";
		};
		A065EB301BA8E413003B7390 /* Dashboard */ = {
			isa = PBXGroup;
			children = (
				A065EB311BA8E60A003B7390 /* DashboardController.swift */,
				A09AB4DA1AF95A26004287F7 /* DashboardViewController.swift */,
			);
			name = Dashboard;
			sourceTree = "<group>";
		};
		A06B357A1B9F5DBD003C90EF /* Search */ = {
			isa = PBXGroup;
			children = (
				A0FE26D01B9A4D12004EB402 /* SearchController.swift */,
				A0662A351BA0CEF5006D6278 /* LoadingCell.swift */,
				A0FCF9D71B98D59200BB4537 /* SearchViewController.swift */,
				A06B35781B9F5D9F003C90EF /* SearchCell.swift */,
			);
			name = Search;
			sourceTree = "<group>";
		};
		A082F4811B18CEC7001C8C52 /* Newsfeed */ = {
			isa = PBXGroup;
			children = (
				A082F4821B18CEE6001C8C52 /* NewsfeedViewController.swift */,
				A082F4861B18E4FF001C8C52 /* NewsfeedNote.swift */,
				A082F4841B18CF01001C8C52 /* NewsfeedController.swift */,
				A082F4881B1920F8001C8C52 /* NewsfeedCell.swift */,
				A082F4891B1920F8001C8C52 /* NewsfeedCell.xib */,
			);
			name = Newsfeed;
			sourceTree = "<group>";
		};
		A09AB4E61AFA9609004287F7 /* Coupon */ = {
			isa = PBXGroup;
			children = (
				A09AB4E01AF99136004287F7 /* CouponController.swift */,
				A09AB4E41AFA880E004287F7 /* Coupon.swift */,
				A0F7E91E1AFAE48500A4F0F2 /* CouponCell.swift */,
				A0F7E91F1AFAE48500A4F0F2 /* CouponCell.xib */,
			);
			name = Coupon;
			sourceTree = "<group>";
		};
		A0BB9BB61B13E4CA000BA261 /* Friend */ = {
			isa = PBXGroup;
			children = (
				A0DF72901B13A66C006EE8F4 /* FriendsViewController.swift */,
				A0BB9BB71B13E4F1000BA261 /* FriendCell.swift */,
				A0BB9BB81B13E4F1000BA261 /* FriendCell.xib */,
				A0DF72941B13E262006EE8F4 /* Friend.swift */,
				A0DF72921B13AEBF006EE8F4 /* FriendsController.swift */,
			);
			name = Friend;
			sourceTree = "<group>";
		};
		A0D6FBFE1B9105E200C8E87F /* InfiniteScroll */ = {
			isa = PBXGroup;
			children = (
				A0C3AC2D1B9525D5005636E7 /* CustomInfiniteIndicator.swift */,
				9DC921881B9F8D4900241FFD /* UIScrollView+InfiniteScroll.h */,
				9DC921891B9F8D4900241FFD /* UIScrollView+InfiniteScroll.m */,
			);
			name = InfiniteScroll;
			sourceTree = "<group>";
		};
		A0EB97AE1B03E198005112EF /* User */ = {
			isa = PBXGroup;
			children = (
				A0EB97AC1B03E16A005112EF /* User.swift */,
			);
			name = User;
			sourceTree = "<group>";
		};
		A0EB97B31B052074005112EF /* Login */ = {
			isa = PBXGroup;
			children = (
				9D3326101AF7ED1C00498801 /* LoginViewController.swift */,
				A0EB97B11B051F02005112EF /* LoginController.swift */,
			);
			name = Login;
			sourceTree = "<group>";
		};
/* End PBXGroup section */

/* Begin PBXNativeTarget section */
		9D3326081AF7ED1C00498801 /* dop */ = {
			isa = PBXNativeTarget;
			buildConfigurationList = 9D3326281AF7ED1C00498801 /* Build configuration list for PBXNativeTarget "dop" */;
			buildPhases = (
				9D3326051AF7ED1C00498801 /* Sources */,
				9D3326061AF7ED1C00498801 /* Frameworks */,
				9D3326071AF7ED1C00498801 /* Resources */,
				9D4B063B1B0D5483008CD688 /* ShellScript */,
			);
			buildRules = (
			);
			dependencies = (
			);
			name = dop;
			productName = dop;
			productReference = 9D3326091AF7ED1C00498801 /* dop.app */;
			productType = "com.apple.product-type.application";
		};
		9D33261D1AF7ED1C00498801 /* dopTests */ = {
			isa = PBXNativeTarget;
			buildConfigurationList = 9D33262B1AF7ED1C00498801 /* Build configuration list for PBXNativeTarget "dopTests" */;
			buildPhases = (
				9D33261A1AF7ED1C00498801 /* Sources */,
				9D33261B1AF7ED1C00498801 /* Frameworks */,
				9D33261C1AF7ED1C00498801 /* Resources */,
			);
			buildRules = (
			);
			dependencies = (
				9D3326201AF7ED1C00498801 /* PBXTargetDependency */,
			);
			name = dopTests;
			productName = dopTests;
			productReference = 9D33261E1AF7ED1C00498801 /* dopTests.xctest */;
			productType = "com.apple.product-type.bundle.unit-test";
		};
/* End PBXNativeTarget section */

/* Begin PBXProject section */
		9D3326011AF7ED1C00498801 /* Project object */ = {
			isa = PBXProject;
			attributes = {
				LastSwiftUpdateCheck = 0700;
				LastUpgradeCheck = 0630;
				ORGANIZATIONNAME = "Edgar Allan Glez";
				TargetAttributes = {
					9D3326081AF7ED1C00498801 = {
						CreatedOnToolsVersion = 6.3.1;
						SystemCapabilities = {
							com.apple.Maps.iOS = {
								enabled = 1;
							};
						};
					};
					9D33261D1AF7ED1C00498801 = {
						CreatedOnToolsVersion = 6.3.1;
						TestTargetID = 9D3326081AF7ED1C00498801;
					};
				};
			};
			buildConfigurationList = 9D3326041AF7ED1C00498801 /* Build configuration list for PBXProject "dop" */;
			compatibilityVersion = "Xcode 3.2";
			developmentRegion = English;
			hasScannedForEncodings = 0;
			knownRegions = (
				en,
				Base,
			);
			mainGroup = 9D3326001AF7ED1C00498801;
			productRefGroup = 9D33260A1AF7ED1C00498801 /* Products */;
			projectDirPath = "";
			projectRoot = "";
			targets = (
				9D3326081AF7ED1C00498801 /* dop */,
				9D33261D1AF7ED1C00498801 /* dopTests */,
			);
		};
/* End PBXProject section */

/* Begin PBXResourcesBuildPhase section */
		9D3326071AF7ED1C00498801 /* Resources */ = {
			isa = PBXResourcesBuildPhase;
			buildActionMask = 2147483647;
			files = (
				9D4D298C1B9F50A100CE58A9 /* Montserrat-Light.otf in Resources */,
				9D4D298D1B9F50A100CE58A9 /* Montserrat-UltraLight.otf in Resources */,
				9D5DA89B1B9E55DB00954B30 /* Montserrat-Bold.otf in Resources */,
				9D5DA89C1B9E55DB00954B30 /* Montserrat-Regular.otf in Resources */,
				9D4C04811B18EB0200D5DCEE /* FontAwesome.ttf in Resources */,
				A060F7841B701EFE009D6ADB /* heart.png in Resources */,
				9DB3DABD1B73ED96004AC0F1 /* BranchProfileAboutView.xib in Resources */,
				9DAAE7B71B0E810B00209588 /* Main.storyboard in Resources */,
				A04E388A1AFC3549007C7B69 /* starbucks.gif in Resources */,
				9D3326191AF7ED1C00498801 /* LaunchScreen.xib in Resources */,
				A082F48B1B1920F8001C8C52 /* NewsfeedCell.xib in Resources */,
				A060F78C1B72A307009D6ADB /* CouponDetailView.xib in Resources */,
				9D9D1FF11B9F4BE3000C1299 /* starbucks_banner.jpg in Resources */,
				A0578C601B0E40D30033B5BD /* GooglePlus.bundle in Resources */,
				9DA3C8961B90C117000D40F2 /* Images.xcassets in Resources */,
				A0FE26D31B9AB5EB004EB402 /* search@x3.png in Resources */,
				A0F7E9211AFAE48500A4F0F2 /* CouponCell.xib in Resources */,
				9D1021371B82A019005BED0C /* BranchProfileLastCampaign.xib in Resources */,
				9DB6BB2A1B72A6A000FF2659 /* BranchProfileTopView.xib in Resources */,
				A0BB9BBA1B13E4F1000BA261 /* FriendCell.xib in Resources */,
			);
			runOnlyForDeploymentPostprocessing = 0;
		};
		9D33261C1AF7ED1C00498801 /* Resources */ = {
			isa = PBXResourcesBuildPhase;
			buildActionMask = 2147483647;
			files = (
			);
			runOnlyForDeploymentPostprocessing = 0;
		};
/* End PBXResourcesBuildPhase section */

/* Begin PBXShellScriptBuildPhase section */
		9D4B063B1B0D5483008CD688 /* ShellScript */ = {
			isa = PBXShellScriptBuildPhase;
			buildActionMask = 2147483647;
			files = (
			);
			inputPaths = (
			);
			outputPaths = (
			);
			runOnlyForDeploymentPostprocessing = 0;
			shellPath = /bin/sh;
			shellScript = "./Fabric.framework/run 58f24ea4f2c75c3732d54261fa160e9e90a36ff5 0981bc39ce888dc42fb4d09dabdc83aba202704ba150f4ade73b6992cdbc6228";
		};
/* End PBXShellScriptBuildPhase section */

/* Begin PBXSourcesBuildPhase section */
		9D3326051AF7ED1C00498801 /* Sources */ = {
			isa = PBXSourcesBuildPhase;
			buildActionMask = 2147483647;
			files = (
				9DC9218A1B9F8D4900241FFD /* UIScrollView+InfiniteScroll.h in Sources */,
				9DC9218B1B9F8D4900241FFD /* UIScrollView+InfiniteScroll.m in Sources */,
				9D2BDFE41B9DF524003F1260 /* SearchController.swift in Sources */,
				9DBB7A401B968437005700B9 /* UIImage+ImageEffects.h in Sources */,
				9D697C7A1B5EF13000D786AA /* iconfonts-fontawesome.swift in Sources */,
				A0EC05991B7D1C69003CADB2 /* SWRevealViewController.m in Sources */,
				9D0C16841B4DC6EB0088DE2F /* BranchProfileViewController.swift in Sources */,
				A065EB321BA8E60A003B7390 /* DashboardController.swift in Sources */,
				A060F7861B702FAC009D6ADB /* CouponDetailViewController.swift in Sources */,
				A0C3AC2E1B9525D5005636E7 /* CustomInfiniteIndicator.swift in Sources */,
				A0DF72931B13AEBF006EE8F4 /* FriendsController.swift in Sources */,
				9D1FCED71B79295700F42F6D /* SegmentedControl.swift in Sources */,
				A082F4851B18CF01001C8C52 /* NewsfeedController.swift in Sources */,
				A0BB9BB91B13E4F1000BA261 /* FriendCell.swift in Sources */,
				A0DF72911B13A66C006EE8F4 /* FriendsViewController.swift in Sources */,
				A0662A361BA0CEF5006D6278 /* LoadingCell.swift in Sources */,
				A06B357C1B9F667D003C90EF /* NearbyBranch.swift in Sources */,
				9DB3DABF1B740070004AC0F1 /* BranchProfileAboutView.swift in Sources */,
				A0EC05B41B7D622A003CADB2 /* LoadingViewController.swift in Sources */,
				9DB907DE1B8E25A000A40FE0 /* FilterSideViewController.swift in Sources */,
				A0578C651B0E7D2B0033B5BD /* UserProfileViewController.swift in Sources */,
				9DB6121A1B192FCC004B8DB8 /* NearbyMapController.swift in Sources */,
				A082F4871B18E4FF001C8C52 /* NewsfeedNote.swift in Sources */,
				9DB327CC1B863C77006BF882 /* MoreMenuController.swift in Sources */,
				A0EB97B21B051F02005112EF /* LoginController.swift in Sources */,
				A09AB4E21AF99136004287F7 /* CouponController.swift in Sources */,
				A0EB97B01B05131E005112EF /* Utilities.swift in Sources */,
				A0578C641B0E7D2B0033B5BD /* UserProfileController.swift in Sources */,
				9D3326111AF7ED1C00498801 /* LoginViewController.swift in Sources */,
				A04860961B0D5355009FEF1F /* A0JWTDecoder.m in Sources */,
				A060F78E1B72B475009D6ADB /* CouponDetailView.swift in Sources */,
				A082F48A1B1920F8001C8C52 /* NewsfeedCell.swift in Sources */,
				A09AB4E51AFA880E004287F7 /* Coupon.swift in Sources */,
				9D33260F1AF7ED1C00498801 /* AppDelegate.swift in Sources */,
				9D0DB4711B17D2DB0009FE6C /* NearbyMapViewController.swift in Sources */,
				A060F7821B70184F009D6ADB /* PromoCollectionCell.swift in Sources */,
				A0DF72951B13E262006EE8F4 /* Friend.swift in Sources */,
				A082F4831B18CEE6001C8C52 /* NewsfeedViewController.swift in Sources */,
				9DACBBF91BA8CE0200CAEECB /* FilterSegmentedControl.swift in Sources */,
				A0F7E9201AFAE48500A4F0F2 /* CouponCell.swift in Sources */,
				9DA85CFD1B82587E009DA186 /* BranchProfileLastCampaign.swift in Sources */,
				A0FCF9D81B98D59200BB4537 /* SearchViewController.swift in Sources */,
				A060F7891B717DB9009D6ADB /* UIImage+ImageEffects.m in Sources */,
				A060F77A1B6C4CA3009D6ADB /* TabbarController.swift in Sources */,
				9DB3DABB1B73C28A004AC0F1 /* BranchProfileTopView.swift in Sources */,
				9DA7AA9F1B50309400297690 /* BranchProfileController.swift in Sources */,
				A060F77C1B6FE4BA009D6ADB /* PromoViewController.swift in Sources */,
				A09AB4E31AF99136004287F7 /* SwiftyJSON.swift in Sources */,
				A0EB97AD1B03E16A005112EF /* User.swift in Sources */,
				9DB327CE1B863C84006BF882 /* MoreMenuViewController.swift in Sources */,
				A09AB4DB1AF95A26004287F7 /* DashboardViewController.swift in Sources */,
				A06B35791B9F5D9F003C90EF /* SearchCell.swift in Sources */,
			);
			runOnlyForDeploymentPostprocessing = 0;
		};
		9D33261A1AF7ED1C00498801 /* Sources */ = {
			isa = PBXSourcesBuildPhase;
			buildActionMask = 2147483647;
			files = (
				9D3326251AF7ED1C00498801 /* dopTests.swift in Sources */,
			);
			runOnlyForDeploymentPostprocessing = 0;
		};
/* End PBXSourcesBuildPhase section */

/* Begin PBXTargetDependency section */
		9D3326201AF7ED1C00498801 /* PBXTargetDependency */ = {
			isa = PBXTargetDependency;
			target = 9D3326081AF7ED1C00498801 /* dop */;
			targetProxy = 9D33261F1AF7ED1C00498801 /* PBXContainerItemProxy */;
		};
/* End PBXTargetDependency section */

/* Begin PBXVariantGroup section */
		9D3326171AF7ED1C00498801 /* LaunchScreen.xib */ = {
			isa = PBXVariantGroup;
			children = (
				9D3326181AF7ED1C00498801 /* Base */,
			);
			name = LaunchScreen.xib;
			sourceTree = "<group>";
		};
		9DAAE7B51B0E810B00209588 /* Main.storyboard */ = {
			isa = PBXVariantGroup;
			children = (
				9DAAE7B61B0E810B00209588 /* Base */,
			);
			name = Main.storyboard;
			sourceTree = "<group>";
		};
/* End PBXVariantGroup section */

/* Begin XCBuildConfiguration section */
		9D3326261AF7ED1C00498801 /* Debug */ = {
			isa = XCBuildConfiguration;
			buildSettings = {
				ALWAYS_SEARCH_USER_PATHS = NO;
				CLANG_CXX_LANGUAGE_STANDARD = "gnu++0x";
				CLANG_CXX_LIBRARY = "libc++";
				CLANG_ENABLE_MODULES = YES;
				CLANG_ENABLE_OBJC_ARC = YES;
				CLANG_WARN_BOOL_CONVERSION = YES;
				CLANG_WARN_CONSTANT_CONVERSION = YES;
				CLANG_WARN_DIRECT_OBJC_ISA_USAGE = YES_ERROR;
				CLANG_WARN_EMPTY_BODY = YES;
				CLANG_WARN_ENUM_CONVERSION = YES;
				CLANG_WARN_INT_CONVERSION = YES;
				CLANG_WARN_OBJC_ROOT_CLASS = YES_ERROR;
				CLANG_WARN_UNREACHABLE_CODE = YES;
				CLANG_WARN__DUPLICATE_METHOD_MATCH = YES;
				"CODE_SIGN_IDENTITY[sdk=iphoneos*]" = "iPhone Developer";
				COPY_PHASE_STRIP = NO;
				DEBUG_INFORMATION_FORMAT = "dwarf-with-dsym";
				ENABLE_STRICT_OBJC_MSGSEND = YES;
				GCC_C_LANGUAGE_STANDARD = gnu99;
				GCC_DYNAMIC_NO_PIC = NO;
				GCC_NO_COMMON_BLOCKS = YES;
				GCC_OPTIMIZATION_LEVEL = 0;
				GCC_PREPROCESSOR_DEFINITIONS = (
					"DEBUG=1",
					"$(inherited)",
				);
				GCC_SYMBOLS_PRIVATE_EXTERN = NO;
				GCC_WARN_64_TO_32_BIT_CONVERSION = YES;
				GCC_WARN_ABOUT_RETURN_TYPE = YES_ERROR;
				GCC_WARN_UNDECLARED_SELECTOR = YES;
				GCC_WARN_UNINITIALIZED_AUTOS = YES_AGGRESSIVE;
				GCC_WARN_UNUSED_FUNCTION = YES;
				GCC_WARN_UNUSED_VARIABLE = YES;
				IPHONEOS_DEPLOYMENT_TARGET = 8.3;
				MTL_ENABLE_DEBUG_INFO = YES;
				ONLY_ACTIVE_ARCH = YES;
				SDKROOT = iphoneos;
				SWIFT_OPTIMIZATION_LEVEL = "-Onone";
			};
			name = Debug;
		};
		9D3326271AF7ED1C00498801 /* Release */ = {
			isa = XCBuildConfiguration;
			buildSettings = {
				ALWAYS_SEARCH_USER_PATHS = NO;
				CLANG_CXX_LANGUAGE_STANDARD = "gnu++0x";
				CLANG_CXX_LIBRARY = "libc++";
				CLANG_ENABLE_MODULES = YES;
				CLANG_ENABLE_OBJC_ARC = YES;
				CLANG_WARN_BOOL_CONVERSION = YES;
				CLANG_WARN_CONSTANT_CONVERSION = YES;
				CLANG_WARN_DIRECT_OBJC_ISA_USAGE = YES_ERROR;
				CLANG_WARN_EMPTY_BODY = YES;
				CLANG_WARN_ENUM_CONVERSION = YES;
				CLANG_WARN_INT_CONVERSION = YES;
				CLANG_WARN_OBJC_ROOT_CLASS = YES_ERROR;
				CLANG_WARN_UNREACHABLE_CODE = YES;
				CLANG_WARN__DUPLICATE_METHOD_MATCH = YES;
				"CODE_SIGN_IDENTITY[sdk=iphoneos*]" = "iPhone Developer";
				COPY_PHASE_STRIP = NO;
				DEBUG_INFORMATION_FORMAT = "dwarf-with-dsym";
				ENABLE_NS_ASSERTIONS = NO;
				ENABLE_STRICT_OBJC_MSGSEND = YES;
				GCC_C_LANGUAGE_STANDARD = gnu99;
				GCC_NO_COMMON_BLOCKS = YES;
				GCC_WARN_64_TO_32_BIT_CONVERSION = YES;
				GCC_WARN_ABOUT_RETURN_TYPE = YES_ERROR;
				GCC_WARN_UNDECLARED_SELECTOR = YES;
				GCC_WARN_UNINITIALIZED_AUTOS = YES_AGGRESSIVE;
				GCC_WARN_UNUSED_FUNCTION = YES;
				GCC_WARN_UNUSED_VARIABLE = YES;
				IPHONEOS_DEPLOYMENT_TARGET = 8.3;
				MTL_ENABLE_DEBUG_INFO = NO;
				SDKROOT = iphoneos;
				VALIDATE_PRODUCT = YES;
			};
			name = Release;
		};
		9D3326291AF7ED1C00498801 /* Debug */ = {
			isa = XCBuildConfiguration;
			buildSettings = {
				ASSETCATALOG_COMPILER_APPICON_NAME = AppIcon;
				CLANG_ALLOW_NON_MODULAR_INCLUDES_IN_FRAMEWORK_MODULES = NO;
				ENABLE_BITCODE = NO;
				FRAMEWORK_SEARCH_PATHS = (
					"$(inherited)",
					"$(PROJECT_DIR)/dop",
					"$(PROJECT_DIR)",
				);
				INFOPLIST_FILE = dop/Info.plist;
				LD_RUNPATH_SEARCH_PATHS = "$(inherited) @executable_path/Frameworks";
				OTHER_LDFLAGS = "-ObjC";
				PRODUCT_NAME = "$(TARGET_NAME)";
				SWIFT_OBJC_BRIDGING_HEADER = "dop/Bridging-Header.h";
			};
			name = Debug;
		};
		9D33262A1AF7ED1C00498801 /* Release */ = {
			isa = XCBuildConfiguration;
			buildSettings = {
				ASSETCATALOG_COMPILER_APPICON_NAME = AppIcon;
				CLANG_ALLOW_NON_MODULAR_INCLUDES_IN_FRAMEWORK_MODULES = NO;
				ENABLE_BITCODE = NO;
				FRAMEWORK_SEARCH_PATHS = (
					"$(inherited)",
					"$(PROJECT_DIR)/dop",
					"$(PROJECT_DIR)",
				);
				INFOPLIST_FILE = dop/Info.plist;
				LD_RUNPATH_SEARCH_PATHS = "$(inherited) @executable_path/Frameworks";
				OTHER_LDFLAGS = "-ObjC";
				PRODUCT_NAME = "$(TARGET_NAME)";
				SWIFT_OBJC_BRIDGING_HEADER = "dop/Bridging-Header.h";
				SWIFT_OPTIMIZATION_LEVEL = "-Onone";
			};
			name = Release;
		};
		9D33262C1AF7ED1C00498801 /* Debug */ = {
			isa = XCBuildConfiguration;
			buildSettings = {
				BUNDLE_LOADER = "$(TEST_HOST)";
				FRAMEWORK_SEARCH_PATHS = (
					"$(SDKROOT)/Developer/Library/Frameworks",
					"$(inherited)",
				);
				GCC_PREPROCESSOR_DEFINITIONS = (
					"DEBUG=1",
					"$(inherited)",
				);
				INFOPLIST_FILE = dopTests/Info.plist;
				LD_RUNPATH_SEARCH_PATHS = "$(inherited) @executable_path/Frameworks @loader_path/Frameworks";
				PRODUCT_NAME = "$(TARGET_NAME)";
				TEST_HOST = "$(BUILT_PRODUCTS_DIR)/dop.app/dop";
			};
			name = Debug;
		};
		9D33262D1AF7ED1C00498801 /* Release */ = {
			isa = XCBuildConfiguration;
			buildSettings = {
				BUNDLE_LOADER = "$(TEST_HOST)";
				FRAMEWORK_SEARCH_PATHS = (
					"$(SDKROOT)/Developer/Library/Frameworks",
					"$(inherited)",
				);
				INFOPLIST_FILE = dopTests/Info.plist;
				LD_RUNPATH_SEARCH_PATHS = "$(inherited) @executable_path/Frameworks @loader_path/Frameworks";
				PRODUCT_NAME = "$(TARGET_NAME)";
				TEST_HOST = "$(BUILT_PRODUCTS_DIR)/dop.app/dop";
			};
			name = Release;
		};
/* End XCBuildConfiguration section */

/* Begin XCConfigurationList section */
		9D3326041AF7ED1C00498801 /* Build configuration list for PBXProject "dop" */ = {
			isa = XCConfigurationList;
			buildConfigurations = (
				9D3326261AF7ED1C00498801 /* Debug */,
				9D3326271AF7ED1C00498801 /* Release */,
			);
			defaultConfigurationIsVisible = 0;
			defaultConfigurationName = Release;
		};
		9D3326281AF7ED1C00498801 /* Build configuration list for PBXNativeTarget "dop" */ = {
			isa = XCConfigurationList;
			buildConfigurations = (
				9D3326291AF7ED1C00498801 /* Debug */,
				9D33262A1AF7ED1C00498801 /* Release */,
			);
			defaultConfigurationIsVisible = 0;
			defaultConfigurationName = Release;
		};
		9D33262B1AF7ED1C00498801 /* Build configuration list for PBXNativeTarget "dopTests" */ = {
			isa = XCConfigurationList;
			buildConfigurations = (
				9D33262C1AF7ED1C00498801 /* Debug */,
				9D33262D1AF7ED1C00498801 /* Release */,
			);
			defaultConfigurationIsVisible = 0;
			defaultConfigurationName = Release;
		};
/* End XCConfigurationList section */
	};
	rootObject = 9D3326011AF7ED1C00498801 /* Project object */;
}
